// !$*UTF8*$!
{
	archiveVersion = 1;
	classes = {
	};
	objectVersion = 50;
	objects = {

/* Begin PBXBuildFile section */
		0628631C24527BB200C512D4 /* WebViewController.swift in Sources */ = {isa = PBXBuildFile; fileRef = 0628631B24527BB200C512D4 /* WebViewController.swift */; };
		065EBA2524526ED700C43EBD /* AppDelegate.swift in Sources */ = {isa = PBXBuildFile; fileRef = 065EBA2424526ED700C43EBD /* AppDelegate.swift */; };
		065EBA2724526ED700C43EBD /* SceneDelegate.swift in Sources */ = {isa = PBXBuildFile; fileRef = 065EBA2624526ED700C43EBD /* SceneDelegate.swift */; };
		065EBA2C24526ED700C43EBD /* Main.storyboard in Resources */ = {isa = PBXBuildFile; fileRef = 065EBA2A24526ED700C43EBD /* Main.storyboard */; };
		065EBA2E24526ED800C43EBD /* Assets.xcassets in Resources */ = {isa = PBXBuildFile; fileRef = 065EBA2D24526ED800C43EBD /* Assets.xcassets */; };
		065EBA3124526ED800C43EBD /* LaunchScreen.storyboard in Resources */ = {isa = PBXBuildFile; fileRef = 065EBA2F24526ED800C43EBD /* LaunchScreen.storyboard */; };
		065EBA3E245272CD00C43EBD /* MainViewController.swift in Sources */ = {isa = PBXBuildFile; fileRef = 065EBA3D245272CD00C43EBD /* MainViewController.swift */; };
		065EBA422452780200C43EBD /* MainTableViewCell.swift in Sources */ = {isa = PBXBuildFile; fileRef = 065EBA412452780200C43EBD /* MainTableViewCell.swift */; };
		065EBA45245279F900C43EBD /* ItemModel.swift in Sources */ = {isa = PBXBuildFile; fileRef = 065EBA44245279F900C43EBD /* ItemModel.swift */; };
		C2FD730B0881A0F425865A80 /* Pods_OrderMe.framework in Frameworks */ = {isa = PBXBuildFile; fileRef = CACDBA2C4CA990AE7C830FF6 /* Pods_OrderMe.framework */; };
/* End PBXBuildFile section */

/* Begin PBXFileReference section */
		0628631B24527BB200C512D4 /* WebViewController.swift */ = {isa = PBXFileReference; lastKnownFileType = sourcecode.swift; path = WebViewController.swift; sourceTree = "<group>"; };
		065EBA2124526ED700C43EBD /* OrderMe.app */ = {isa = PBXFileReference; explicitFileType = wrapper.application; includeInIndex = 0; path = OrderMe.app; sourceTree = BUILT_PRODUCTS_DIR; };
		065EBA2424526ED700C43EBD /* AppDelegate.swift */ = {isa = PBXFileReference; lastKnownFileType = sourcecode.swift; path = AppDelegate.swift; sourceTree = "<group>"; };
		065EBA2624526ED700C43EBD /* SceneDelegate.swift */ = {isa = PBXFileReference; lastKnownFileType = sourcecode.swift; path = SceneDelegate.swift; sourceTree = "<group>"; };
		065EBA2B24526ED700C43EBD /* Base */ = {isa = PBXFileReference; lastKnownFileType = file.storyboard; name = Base; path = Base.lproj/Main.storyboard; sourceTree = "<group>"; };
		065EBA2D24526ED800C43EBD /* Assets.xcassets */ = {isa = PBXFileReference; lastKnownFileType = folder.assetcatalog; path = Assets.xcassets; sourceTree = "<group>"; };
		065EBA3024526ED800C43EBD /* Base */ = {isa = PBXFileReference; lastKnownFileType = file.storyboard; name = Base; path = Base.lproj/LaunchScreen.storyboard; sourceTree = "<group>"; };
		065EBA3224526ED800C43EBD /* Info.plist */ = {isa = PBXFileReference; lastKnownFileType = text.plist.xml; path = Info.plist; sourceTree = "<group>"; };
		065EBA3D245272CD00C43EBD /* MainViewController.swift */ = {isa = PBXFileReference; lastKnownFileType = sourcecode.swift; path = MainViewController.swift; sourceTree = "<group>"; };
		065EBA412452780200C43EBD /* MainTableViewCell.swift */ = {isa = PBXFileReference; lastKnownFileType = sourcecode.swift; path = MainTableViewCell.swift; sourceTree = "<group>"; };
		065EBA44245279F900C43EBD /* ItemModel.swift */ = {isa = PBXFileReference; lastKnownFileType = sourcecode.swift; path = ItemModel.swift; sourceTree = "<group>"; };
		46232ADE51AFA7BEAADDB4CA /* Pods-OrderMe.release.xcconfig */ = {isa = PBXFileReference; includeInIndex = 1; lastKnownFileType = text.xcconfig; name = "Pods-OrderMe.release.xcconfig"; path = "Target Support Files/Pods-OrderMe/Pods-OrderMe.release.xcconfig"; sourceTree = "<group>"; };
		8A9C3DE3620E9FC12BF18A06 /* Pods-OrderMe.debug.xcconfig */ = {isa = PBXFileReference; includeInIndex = 1; lastKnownFileType = text.xcconfig; name = "Pods-OrderMe.debug.xcconfig"; path = "Target Support Files/Pods-OrderMe/Pods-OrderMe.debug.xcconfig"; sourceTree = "<group>"; };
		CACDBA2C4CA990AE7C830FF6 /* Pods_OrderMe.framework */ = {isa = PBXFileReference; explicitFileType = wrapper.framework; includeInIndex = 0; path = Pods_OrderMe.framework; sourceTree = BUILT_PRODUCTS_DIR; };
/* End PBXFileReference section */

/* Begin PBXFrameworksBuildPhase section */
		065EBA1E24526ED700C43EBD /* Frameworks */ = {
			isa = PBXFrameworksBuildPhase;
			buildActionMask = 2147483647;
			files = (
				C2FD730B0881A0F425865A80 /* Pods_OrderMe.framework in Frameworks */,
			);
			runOnlyForDeploymentPostprocessing = 0;
		};
/* End PBXFrameworksBuildPhase section */

/* Begin PBXGroup section */
		065EBA1824526ED700C43EBD = {
			isa = PBXGroup;
			children = (
				065EBA2324526ED700C43EBD /* OrderMe */,
				065EBA2224526ED700C43EBD /* Products */,
				9F9DD3D4B32768882A7F319E /* Pods */,
				80D9F28E38283A7EDD56D571 /* Frameworks */,
			);
			sourceTree = "<group>";
		};
		065EBA2224526ED700C43EBD /* Products */ = {
			isa = PBXGroup;
			children = (
				065EBA2124526ED700C43EBD /* OrderMe.app */,
			);
			name = Products;
			sourceTree = "<group>";
		};
		065EBA2324526ED700C43EBD /* OrderMe */ = {
			isa = PBXGroup;
			children = (
				065EBA3F245272D700C43EBD /* ViewControllers */,
				065EBA40245277E400C43EBD /* Cells */,
				065EBA43245279D900C43EBD /* Models */,
				065EBA3C2452729500C43EBD /* Storyboard */,
				065EBA2424526ED700C43EBD /* AppDelegate.swift */,
				065EBA2624526ED700C43EBD /* SceneDelegate.swift */,
				065EBA2D24526ED800C43EBD /* Assets.xcassets */,
				065EBA3224526ED800C43EBD /* Info.plist */,
			);
			path = OrderMe;
			sourceTree = "<group>";
		};
		065EBA3C2452729500C43EBD /* Storyboard */ = {
			isa = PBXGroup;
			children = (
				065EBA2A24526ED700C43EBD /* Main.storyboard */,
				065EBA2F24526ED800C43EBD /* LaunchScreen.storyboard */,
			);
			path = Storyboard;
			sourceTree = "<group>";
		};
		065EBA3F245272D700C43EBD /* ViewControllers */ = {
			isa = PBXGroup;
			children = (
				065EBA3D245272CD00C43EBD /* MainViewController.swift */,
				0628631B24527BB200C512D4 /* WebViewController.swift */,
			);
			path = ViewControllers;
			sourceTree = "<group>";
		};
		065EBA40245277E400C43EBD /* Cells */ = {
			isa = PBXGroup;
			children = (
				065EBA412452780200C43EBD /* MainTableViewCell.swift */,
			);
			path = Cells;
			sourceTree = "<group>";
		};
		065EBA43245279D900C43EBD /* Models */ = {
			isa = PBXGroup;
			children = (
				065EBA44245279F900C43EBD /* ItemModel.swift */,
			);
			path = Models;
			sourceTree = "<group>";
		};
		80D9F28E38283A7EDD56D571 /* Frameworks */ = {
			isa = PBXGroup;
			children = (
				CACDBA2C4CA990AE7C830FF6 /* Pods_OrderMe.framework */,
			);
			name = Frameworks;
			sourceTree = "<group>";
		};
		9F9DD3D4B32768882A7F319E /* Pods */ = {
			isa = PBXGroup;
			children = (
				8A9C3DE3620E9FC12BF18A06 /* Pods-OrderMe.debug.xcconfig */,
				46232ADE51AFA7BEAADDB4CA /* Pods-OrderMe.release.xcconfig */,
			);
			path = Pods;
			sourceTree = "<group>";
		};
/* End PBXGroup section */

/* Begin PBXNativeTarget section */
		065EBA2024526ED700C43EBD /* OrderMe */ = {
			isa = PBXNativeTarget;
			buildConfigurationList = 065EBA3524526ED800C43EBD /* Build configuration list for PBXNativeTarget "OrderMe" */;
			buildPhases = (
				0BD35E3E38B5A9A3F7CE45D8 /* [CP] Check Pods Manifest.lock */,
				065EBA1D24526ED700C43EBD /* Sources */,
				065EBA1E24526ED700C43EBD /* Frameworks */,
				065EBA1F24526ED700C43EBD /* Resources */,
			);
			buildRules = (
			);
			dependencies = (
			);
			name = OrderMe;
			productName = OrderMe;
			productReference = 065EBA2124526ED700C43EBD /* OrderMe.app */;
			productType = "com.apple.product-type.application";
		};
/* End PBXNativeTarget section */

/* Begin PBXProject section */
		065EBA1924526ED700C43EBD /* Project object */ = {
			isa = PBXProject;
			attributes = {
				LastSwiftUpdateCheck = 1140;
				LastUpgradeCheck = 1140;
				ORGANIZATIONNAME = "Oleg Ten";
				TargetAttributes = {
					065EBA2024526ED700C43EBD = {
						CreatedOnToolsVersion = 11.4.1;
					};
				};
			};
			buildConfigurationList = 065EBA1C24526ED700C43EBD /* Build configuration list for PBXProject "OrderMe" */;
			compatibilityVersion = "Xcode 9.3";
			developmentRegion = en;
			hasScannedForEncodings = 0;
			knownRegions = (
				en,
				Base,
			);
			mainGroup = 065EBA1824526ED700C43EBD;
			productRefGroup = 065EBA2224526ED700C43EBD /* Products */;
			projectDirPath = "";
			projectRoot = "";
			targets = (
				065EBA2024526ED700C43EBD /* OrderMe */,
			);
		};
/* End PBXProject section */

/* Begin PBXResourcesBuildPhase section */
		065EBA1F24526ED700C43EBD /* Resources */ = {
			isa = PBXResourcesBuildPhase;
			buildActionMask = 2147483647;
			files = (
				065EBA3124526ED800C43EBD /* LaunchScreen.storyboard in Resources */,
				065EBA2E24526ED800C43EBD /* Assets.xcassets in Resources */,
				065EBA2C24526ED700C43EBD /* Main.storyboard in Resources */,
			);
			runOnlyForDeploymentPostprocessing = 0;
		};
/* End PBXResourcesBuildPhase section */

/* Begin PBXShellScriptBuildPhase section */
		0BD35E3E38B5A9A3F7CE45D8 /* [CP] Check Pods Manifest.lock */ = {
			isa = PBXShellScriptBuildPhase;
			buildActionMask = 2147483647;
			files = (
			);
			inputFileListPaths = (
			);
			inputPaths = (
				"${PODS_PODFILE_DIR_PATH}/Podfile.lock",
				"${PODS_ROOT}/Manifest.lock",
			);
			name = "[CP] Check Pods Manifest.lock";
			outputFileListPaths = (
			);
			outputPaths = (
				"$(DERIVED_FILE_DIR)/Pods-OrderMe-checkManifestLockResult.txt",
			);
			runOnlyForDeploymentPostprocessing = 0;
			shellPath = /bin/sh;
			shellScript = "diff \"${PODS_PODFILE_DIR_PATH}/Podfile.lock\" \"${PODS_ROOT}/Manifest.lock\" > /dev/null\nif [ $? != 0 ] ; then\n    # print error to STDERR\n    echo \"error: The sandbox is not in sync with the Podfile.lock. Run 'pod install' or update your CocoaPods installation.\" >&2\n    exit 1\nfi\n# This output is used by Xcode 'outputs' to avoid re-running this script phase.\necho \"SUCCESS\" > \"${SCRIPT_OUTPUT_FILE_0}\"\n";
			showEnvVarsInLog = 0;
		};
/* End PBXShellScriptBuildPhase section */

/* Begin PBXSourcesBuildPhase section */
		065EBA1D24526ED700C43EBD /* Sources */ = {
			isa = PBXSourcesBuildPhase;
			buildActionMask = 2147483647;
			files = (
				065EBA45245279F900C43EBD /* ItemModel.swift in Sources */,
				0628631C24527BB200C512D4 /* WebViewController.swift in Sources */,
				065EBA3E245272CD00C43EBD /* MainViewController.swift in Sources */,
				065EBA2524526ED700C43EBD /* AppDelegate.swift in Sources */,
				065EBA422452780200C43EBD /* MainTableViewCell.swift in Sources */,
				065EBA2724526ED700C43EBD /* SceneDelegate.swift in Sources */,
			);
			runOnlyForDeploymentPostprocessing = 0;
		};
/* End PBXSourcesBuildPhase section */

/* Begin PBXVariantGroup section */
		065EBA2A24526ED700C43EBD /* Main.storyboard */ = {
			isa = PBXVariantGroup;
			children = (
				065EBA2B24526ED700C43EBD /* Base */,
			);
			name = Main.storyboard;
			sourceTree = "<group>";
		};
		065EBA2F24526ED800C43EBD /* LaunchScreen.storyboard */ = {
			isa = PBXVariantGroup;
			children = (
				065EBA3024526ED800C43EBD /* Base */,
			);
			name = LaunchScreen.storyboard;
			sourceTree = "<group>";
		};
/* End PBXVariantGroup section */

/* Begin XCBuildConfiguration section */
		065EBA3324526ED800C43EBD /* Debug */ = {
			isa = XCBuildConfiguration;
			buildSettings = {
				ALWAYS_SEARCH_USER_PATHS = NO;
				CLANG_ANALYZER_NONNULL = YES;
				CLANG_ANALYZER_NUMBER_OBJECT_CONVERSION = YES_AGGRESSIVE;
				CLANG_CXX_LANGUAGE_STANDARD = "gnu++14";
				CLANG_CXX_LIBRARY = "libc++";
				CLANG_ENABLE_MODULES = YES;
				CLANG_ENABLE_OBJC_ARC = YES;
				CLANG_ENABLE_OBJC_WEAK = YES;
				CLANG_WARN_BLOCK_CAPTURE_AUTORELEASING = YES;
				CLANG_WARN_BOOL_CONVERSION = YES;
				CLANG_WARN_COMMA = YES;
				CLANG_WARN_CONSTANT_CONVERSION = YES;
				CLANG_WARN_DEPRECATED_OBJC_IMPLEMENTATIONS = YES;
				CLANG_WARN_DIRECT_OBJC_ISA_USAGE = YES_ERROR;
				CLANG_WARN_DOCUMENTATION_COMMENTS = YES;
				CLANG_WARN_EMPTY_BODY = YES;
				CLANG_WARN_ENUM_CONVERSION = YES;
				CLANG_WARN_INFINITE_RECURSION = YES;
				CLANG_WARN_INT_CONVERSION = YES;
				CLANG_WARN_NON_LITERAL_NULL_CONVERSION = YES;
				CLANG_WARN_OBJC_IMPLICIT_RETAIN_SELF = YES;
				CLANG_WARN_OBJC_LITERAL_CONVERSION = YES;
				CLANG_WARN_OBJC_ROOT_CLASS = YES_ERROR;
				CLANG_WARN_RANGE_LOOP_ANALYSIS = YES;
				CLANG_WARN_STRICT_PROTOTYPES = YES;
				CLANG_WARN_SUSPICIOUS_MOVE = YES;
				CLANG_WARN_UNGUARDED_AVAILABILITY = YES_AGGRESSIVE;
				CLANG_WARN_UNREACHABLE_CODE = YES;
				CLANG_WARN__DUPLICATE_METHOD_MATCH = YES;
				COPY_PHASE_STRIP = NO;
				DEBUG_INFORMATION_FORMAT = dwarf;
				ENABLE_STRICT_OBJC_MSGSEND = YES;
				ENABLE_TESTABILITY = YES;
				GCC_C_LANGUAGE_STANDARD = gnu11;
				GCC_DYNAMIC_NO_PIC = NO;
				GCC_NO_COMMON_BLOCKS = YES;
				GCC_OPTIMIZATION_LEVEL = 0;
				GCC_PREPROCESSOR_DEFINITIONS = (
					"DEBUG=1",
					"$(inherited)",
				);
				GCC_WARN_64_TO_32_BIT_CONVERSION = YES;
				GCC_WARN_ABOUT_RETURN_TYPE = YES_ERROR;
				GCC_WARN_UNDECLARED_SELECTOR = YES;
				GCC_WARN_UNINITIALIZED_AUTOS = YES_AGGRESSIVE;
				GCC_WARN_UNUSED_FUNCTION = YES;
				GCC_WARN_UNUSED_VARIABLE = YES;
				IPHONEOS_DEPLOYMENT_TARGET = 13.4;
				MTL_ENABLE_DEBUG_INFO = INCLUDE_SOURCE;
				MTL_FAST_MATH = YES;
				ONLY_ACTIVE_ARCH = YES;
				SDKROOT = iphoneos;
				SWIFT_ACTIVE_COMPILATION_CONDITIONS = DEBUG;
				SWIFT_OPTIMIZATION_LEVEL = "-Onone";
			};
			name = Debug;
		};
		065EBA3424526ED800C43EBD /* Release */ = {
			isa = XCBuildConfiguration;
			buildSettings = {
				ALWAYS_SEARCH_USER_PATHS = NO;
				CLANG_ANALYZER_NONNULL = YES;
				CLANG_ANALYZER_NUMBER_OBJECT_CONVERSION = YES_AGGRESSIVE;
				CLANG_CXX_LANGUAGE_STANDARD = "gnu++14";
				CLANG_CXX_LIBRARY = "libc++";
				CLANG_ENABLE_MODULES = YES;
				CLANG_ENABLE_OBJC_ARC = YES;
				CLANG_ENABLE_OBJC_WEAK = YES;
				CLANG_WARN_BLOCK_CAPTURE_AUTORELEASING = YES;
				CLANG_WARN_BOOL_CONVERSION = YES;
				CLANG_WARN_COMMA = YES;
				CLANG_WARN_CONSTANT_CONVERSION = YES;
				CLANG_WARN_DEPRECATED_OBJC_IMPLEMENTATIONS = YES;
				CLANG_WARN_DIRECT_OBJC_ISA_USAGE = YES_ERROR;
				CLANG_WARN_DOCUMENTATION_COMMENTS = YES;
				CLANG_WARN_EMPTY_BODY = YES;
				CLANG_WARN_ENUM_CONVERSION = YES;
				CLANG_WARN_INFINITE_RECURSION = YES;
				CLANG_WARN_INT_CONVERSION = YES;
				CLANG_WARN_NON_LITERAL_NULL_CONVERSION = YES;
				CLANG_WARN_OBJC_IMPLICIT_RETAIN_SELF = YES;
				CLANG_WARN_OBJC_LITERAL_CONVERSION = YES;
				CLANG_WARN_OBJC_ROOT_CLASS = YES_ERROR;
				CLANG_WARN_RANGE_LOOP_ANALYSIS = YES;
				CLANG_WARN_STRICT_PROTOTYPES = YES;
				CLANG_WARN_SUSPICIOUS_MOVE = YES;
				CLANG_WARN_UNGUARDED_AVAILABILITY = YES_AGGRESSIVE;
				CLANG_WARN_UNREACHABLE_CODE = YES;
				CLANG_WARN__DUPLICATE_METHOD_MATCH = YES;
				COPY_PHASE_STRIP = NO;
				DEBUG_INFORMATION_FORMAT = "dwarf-with-dsym";
				ENABLE_NS_ASSERTIONS = NO;
				ENABLE_STRICT_OBJC_MSGSEND = YES;
				GCC_C_LANGUAGE_STANDARD = gnu11;
				GCC_NO_COMMON_BLOCKS = YES;
				GCC_WARN_64_TO_32_BIT_CONVERSION = YES;
				GCC_WARN_ABOUT_RETURN_TYPE = YES_ERROR;
				GCC_WARN_UNDECLARED_SELECTOR = YES;
				GCC_WARN_UNINITIALIZED_AUTOS = YES_AGGRESSIVE;
				GCC_WARN_UNUSED_FUNCTION = YES;
				GCC_WARN_UNUSED_VARIABLE = YES;
				IPHONEOS_DEPLOYMENT_TARGET = 13.4;
				MTL_ENABLE_DEBUG_INFO = NO;
				MTL_FAST_MATH = YES;
				SDKROOT = iphoneos;
				SWIFT_COMPILATION_MODE = wholemodule;
				SWIFT_OPTIMIZATION_LEVEL = "-O";
				VALIDATE_PRODUCT = YES;
			};
			name = Release;
		};
		065EBA3624526ED800C43EBD /* Debug */ = {
			isa = XCBuildConfiguration;
			baseConfigurationReference = 8A9C3DE3620E9FC12BF18A06 /* Pods-OrderMe.debug.xcconfig */;
			buildSettings = {
				ASSETCATALOG_COMPILER_APPICON_NAME = AppIcon;
				CODE_SIGN_STYLE = Automatic;
				DEVELOPMENT_TEAM = 4K3HJN7A8X;
				INFOPLIST_FILE = OrderMe/Info.plist;
				LD_RUNPATH_SEARCH_PATHS = (
					"$(inherited)",
					"@executable_path/Frameworks",
				);
				PRODUCT_BUNDLE_IDENTIFIER = tennet.OrderMe;
				PRODUCT_NAME = "$(TARGET_NAME)";
				SWIFT_VERSION = 5.0;
				TARGETED_DEVICE_FAMILY = "1,2";
			};
			name = Debug;
		};
		065EBA3724526ED800C43EBD /* Release */ = {
			isa = XCBuildConfiguration;
			baseConfigurationReference = 46232ADE51AFA7BEAADDB4CA /* Pods-OrderMe.release.xcconfig */;
			buildSettings = {
				ASSETCATALOG_COMPILER_APPICON_NAME = AppIcon;
				CODE_SIGN_STYLE = Automatic;
				DEVELOPMENT_TEAM = 4K3HJN7A8X;
				INFOPLIST_FILE = OrderMe/Info.plist;
				LD_RUNPATH_SEARCH_PATHS = (
					"$(inherited)",
					"@executable_path/Frameworks",
				);
				PRODUCT_BUNDLE_IDENTIFIER = tennet.OrderMe;
				PRODUCT_NAME = "$(TARGET_NAME)";
				SWIFT_VERSION = 5.0;
				TARGETED_DEVICE_FAMILY = "1,2";
			};
			name = Release;
		};
/* End XCBuildConfiguration section */

/* Begin XCConfigurationList section */
		065EBA1C24526ED700C43EBD /* Build configuration list for PBXProject "OrderMe" */ = {
			isa = XCConfigurationList;
			buildConfigurations = (
				065EBA3324526ED800C43EBD /* Debug */,
				065EBA3424526ED800C43EBD /* Release */,
			);
			defaultConfigurationIsVisible = 0;
			defaultConfigurationName = Release;
		};
		065EBA3524526ED800C43EBD /* Build configuration list for PBXNativeTarget "OrderMe" */ = {
			isa = XCConfigurationList;
			buildConfigurations = (
				065EBA3624526ED800C43EBD /* Debug */,
				065EBA3724526ED800C43EBD /* Release */,
			);
			defaultConfigurationIsVisible = 0;
			defaultConfigurationName = Release;
		};
/* End XCConfigurationList section */
	};
	rootObject = 065EBA1924526ED700C43EBD /* Project object */;
}
